
Microsoft Visual Studio Solution File, Format Version 12.00
# Visual Studio Version 17
VisualStudioVersion = 17.13.35919.96 d17.13
MinimumVisualStudioVersion = 10.0.40219.1
Project("{FAE04EC0-301F-11D3-BF4B-00C04F79EFBC}") = "AppApuntesGrupo2", "AppApuntesGrupo2\AppApuntesGrupo2.csproj", "{4267295D-11AC-4D26-939F-704460E9F28D}"
EndProject
Global
	GlobalSection(SolutionConfigurationPlatforms) = preSolution
		Debug|Any CPU = Debug|Any CPU
		Release|Any CPU = Release|Any CPU
	EndGlobalSection
	GlobalSection(ProjectConfigurationPlatforms) = postSolution
		{4267295D-11AC-4D26-939F-704460E9F28D}.Debug|Any CPU.ActiveCfg = Debug|Any CPU
		{4267295D-11AC-4D26-939F-704460E9F28D}.Debug|Any CPU.Build.0 = Debug|Any CPU
		{4267295D-11AC-4D26-939F-704460E9F28D}.Debug|Any CPU.Deploy.0 = Debug|Any CPU
		{4267295D-11AC-4D26-939F-704460E9F28D}.Release|Any CPU.ActiveCfg = Release|Any CPU
		{4267295D-11AC-4D26-939F-704460E9F28D}.Release|Any CPU.Build.0 = Release|Any CPU
		{4267295D-11AC-4D26-939F-704460E9F28D}.Release|Any CPU.Deploy.0 = Release|Any CPU
	EndGlobalSection
	GlobalSection(SolutionProperties) = preSolution
		HideSolutionNode = FALSE
	EndGlobalSection
	GlobalSection(ExtensibilityGlobals) = postSolution
		SolutionGuid = {DBFAD2D9-441A-4A92-B30A-1B853815D927}
	EndGlobalSection
EndGlobal
